
Microsoft Visual Studio Solution File, Format Version 12.00
# Visual Studio 15
VisualStudioVersion = 15.0.26730.16
MinimumVisualStudioVersion = 10.0.40219.1
Project("{FAE04EC0-301F-11D3-BF4B-00C04F79EFBC}") = "chooseADrink", "chooseADrink\chooseADrink.csproj", "{F4059DDB-B673-4D67-9BE1-A09015A47ACE}"
EndProject
Project("{FAE04EC0-301F-11D3-BF4B-00C04F79EFBC}") = "chooseDrink2.0", "chooseDrink2.0\chooseDrink2.0.csproj", "{5C38FB7A-6E51-4034-9824-09467936C077}"
EndProject
Project("{FAE04EC0-301F-11D3-BF4B-00C04F79EFBC}") = "restaurantDiscount", "restaurantDiscount\restaurantDiscount.csproj", "{DA23964D-3C95-4CF4-947C-97E20249FCAF}"
EndProject
Project("{FAE04EC0-301F-11D3-BF4B-00C04F79EFBC}") = "hotel", "hotel\hotel.csproj", "{99416B32-7885-4431-BE53-7CDDC4482D53}"
EndProject
Project("{FAE04EC0-301F-11D3-BF4B-00C04F79EFBC}") = "wordInPlural", "wordInPlural\wordInPlural.csproj", "{87701F8A-F39C-43F6-8B65-5765D3999792}"
EndProject
Global
	GlobalSection(SolutionConfigurationPlatforms) = preSolution
		Debug|Any CPU = Debug|Any CPU
		Release|Any CPU = Release|Any CPU
	EndGlobalSection
	GlobalSection(ProjectConfigurationPlatforms) = postSolution
		{F4059DDB-B673-4D67-9BE1-A09015A47ACE}.Debug|Any CPU.ActiveCfg = Debug|Any CPU
		{F4059DDB-B673-4D67-9BE1-A09015A47ACE}.Debug|Any CPU.Build.0 = Debug|Any CPU
		{F4059DDB-B673-4D67-9BE1-A09015A47ACE}.Release|Any CPU.ActiveCfg = Release|Any CPU
		{F4059DDB-B673-4D67-9BE1-A09015A47ACE}.Release|Any CPU.Build.0 = Release|Any CPU
		{5C38FB7A-6E51-4034-9824-09467936C077}.Debug|Any CPU.ActiveCfg = Debug|Any CPU
		{5C38FB7A-6E51-4034-9824-09467936C077}.Debug|Any CPU.Build.0 = Debug|Any CPU
		{5C38FB7A-6E51-4034-9824-09467936C077}.Release|Any CPU.ActiveCfg = Release|Any CPU
		{5C38FB7A-6E51-4034-9824-09467936C077}.Release|Any CPU.Build.0 = Release|Any CPU
		{DA23964D-3C95-4CF4-947C-97E20249FCAF}.Debug|Any CPU.ActiveCfg = Debug|Any CPU
		{DA23964D-3C95-4CF4-947C-97E20249FCAF}.Debug|Any CPU.Build.0 = Debug|Any CPU
		{DA23964D-3C95-4CF4-947C-97E20249FCAF}.Release|Any CPU.ActiveCfg = Release|Any CPU
		{DA23964D-3C95-4CF4-947C-97E20249FCAF}.Release|Any CPU.Build.0 = Release|Any CPU
		{99416B32-7885-4431-BE53-7CDDC4482D53}.Debug|Any CPU.ActiveCfg = Debug|Any CPU
		{99416B32-7885-4431-BE53-7CDDC4482D53}.Debug|Any CPU.Build.0 = Debug|Any CPU
		{99416B32-7885-4431-BE53-7CDDC4482D53}.Release|Any CPU.ActiveCfg = Release|Any CPU
		{99416B32-7885-4431-BE53-7CDDC4482D53}.Release|Any CPU.Build.0 = Release|Any CPU
		{87701F8A-F39C-43F6-8B65-5765D3999792}.Debug|Any CPU.ActiveCfg = Debug|Any CPU
		{87701F8A-F39C-43F6-8B65-5765D3999792}.Debug|Any CPU.Build.0 = Debug|Any CPU
		{87701F8A-F39C-43F6-8B65-5765D3999792}.Release|Any CPU.ActiveCfg = Release|Any CPU
		{87701F8A-F39C-43F6-8B65-5765D3999792}.Release|Any CPU.Build.0 = Release|Any CPU
	EndGlobalSection
	GlobalSection(SolutionProperties) = preSolution
		HideSolutionNode = FALSE
	EndGlobalSection
	GlobalSection(ExtensibilityGlobals) = postSolution
		SolutionGuid = {37F9DFCF-09D6-4FDC-BC49-47DE0B79FC93}
	EndGlobalSection
EndGlobal
